
Microsoft Visual Studio Solution File, Format Version 12.00
# Visual Studio Version 17
VisualStudioVersion = 17.0.31903.59
MinimumVisualStudioVersion = 10.0.40219.1
Project("{9A19103F-16F7-4668-BE54-9A1E7A4F7556}") = "GPT4o_lab01", "GPT4o_lab01\GPT4o_lab01.csproj", "{2CFF5FFA-D902-4625-92D1-31A1B0BB1C83}"
EndProject
Project("{9A19103F-16F7-4668-BE54-9A1E7A4F7556}") = "GPT4o_lab02", "GPT4o_lab02\GPT4o_lab02.csproj", "{B14891A6-2766-4CA3-A331-6295B0299509}"
EndProject
Project("{9A19103F-16F7-4668-BE54-9A1E7A4F7556}") = "GPT4o_AOAI_lab01", "GPT4o_AOAI_lab01\GPT4o_AOAI_lab01.csproj", "{6021304C-DE37-4299-B6D8-2A9A84861244}"
EndProject
Project("{9A19103F-16F7-4668-BE54-9A1E7A4F7556}") = "GPT4o_AOAI_lab02", "GPT4o_AOAI_lab02\GPT4o_AOAI_lab02.csproj", "{93049FF4-74D3-4E9A-B2BF-02DBF1A9BF94}"
EndProject
Project("{9A19103F-16F7-4668-BE54-9A1E7A4F7556}") = "OAINETSDK_lab01", "OAINETSDK_lab01\OAINETSDK_lab01.csproj", "{3D3DCAEC-CCB6-44C5-BF84-F154DE846A22}"
EndProject
Project("{9A19103F-16F7-4668-BE54-9A1E7A4F7556}") = "OAINETSDK_lab02", "OAINETSDK_lab02\OAINETSDK_lab02.csproj", "{1F12B9CC-BF7D-40DB-A831-98B7FB11B331}"
EndProject
Project("{9A19103F-16F7-4668-BE54-9A1E7A4F7556}") = "OAINETSDK_lab03", "OAINETSDK_lab03\OAINETSDK_lab03.csproj", "{161E5AF2-38F1-4B61-B57A-446583451087}"
EndProject
Project("{2150E333-8FDC-42A3-9474-1A3956D46DE8}") = "SK OpenAI API Labs", "SK OpenAI API Labs", "{326EF34B-96CC-4E27-90E2-481DC2E8CB44}"
EndProject
Project("{2150E333-8FDC-42A3-9474-1A3956D46DE8}") = "OpenAI Library Labs", "OpenAI Library Labs", "{4B7362A0-E943-48F8-96D4-A3FEAC723A2C}"
EndProject
Project("{2150E333-8FDC-42A3-9474-1A3956D46DE8}") = "SL AOAI Labs", "SL AOAI Labs", "{95CA4443-5DE9-42D0-953D-B31256F4655F}"
EndProject
Global
	GlobalSection(SolutionConfigurationPlatforms) = preSolution
		Debug|Any CPU = Debug|Any CPU
		Release|Any CPU = Release|Any CPU
	EndGlobalSection
	GlobalSection(ProjectConfigurationPlatforms) = postSolution
		{2CFF5FFA-D902-4625-92D1-31A1B0BB1C83}.Debug|Any CPU.ActiveCfg = Debug|Any CPU
		{2CFF5FFA-D902-4625-92D1-31A1B0BB1C83}.Debug|Any CPU.Build.0 = Debug|Any CPU
		{2CFF5FFA-D902-4625-92D1-31A1B0BB1C83}.Release|Any CPU.ActiveCfg = Release|Any CPU
		{2CFF5FFA-D902-4625-92D1-31A1B0BB1C83}.Release|Any CPU.Build.0 = Release|Any CPU
		{B14891A6-2766-4CA3-A331-6295B0299509}.Debug|Any CPU.ActiveCfg = Debug|Any CPU
		{B14891A6-2766-4CA3-A331-6295B0299509}.Debug|Any CPU.Build.0 = Debug|Any CPU
		{B14891A6-2766-4CA3-A331-6295B0299509}.Release|Any CPU.ActiveCfg = Release|Any CPU
		{B14891A6-2766-4CA3-A331-6295B0299509}.Release|Any CPU.Build.0 = Release|Any CPU
		{6021304C-DE37-4299-B6D8-2A9A84861244}.Debug|Any CPU.ActiveCfg = Debug|Any CPU
		{6021304C-DE37-4299-B6D8-2A9A84861244}.Debug|Any CPU.Build.0 = Debug|Any CPU
		{6021304C-DE37-4299-B6D8-2A9A84861244}.Release|Any CPU.ActiveCfg = Release|Any CPU
		{6021304C-DE37-4299-B6D8-2A9A84861244}.Release|Any CPU.Build.0 = Release|Any CPU
		{93049FF4-74D3-4E9A-B2BF-02DBF1A9BF94}.Debug|Any CPU.ActiveCfg = Debug|Any CPU
		{93049FF4-74D3-4E9A-B2BF-02DBF1A9BF94}.Debug|Any CPU.Build.0 = Debug|Any CPU
		{93049FF4-74D3-4E9A-B2BF-02DBF1A9BF94}.Release|Any CPU.ActiveCfg = Release|Any CPU
		{93049FF4-74D3-4E9A-B2BF-02DBF1A9BF94}.Release|Any CPU.Build.0 = Release|Any CPU
		{3D3DCAEC-CCB6-44C5-BF84-F154DE846A22}.Debug|Any CPU.ActiveCfg = Debug|Any CPU
		{3D3DCAEC-CCB6-44C5-BF84-F154DE846A22}.Debug|Any CPU.Build.0 = Debug|Any CPU
		{3D3DCAEC-CCB6-44C5-BF84-F154DE846A22}.Release|Any CPU.ActiveCfg = Release|Any CPU
		{3D3DCAEC-CCB6-44C5-BF84-F154DE846A22}.Release|Any CPU.Build.0 = Release|Any CPU
		{1F12B9CC-BF7D-40DB-A831-98B7FB11B331}.Debug|Any CPU.ActiveCfg = Debug|Any CPU
		{1F12B9CC-BF7D-40DB-A831-98B7FB11B331}.Debug|Any CPU.Build.0 = Debug|Any CPU
		{1F12B9CC-BF7D-40DB-A831-98B7FB11B331}.Release|Any CPU.ActiveCfg = Release|Any CPU
		{1F12B9CC-BF7D-40DB-A831-98B7FB11B331}.Release|Any CPU.Build.0 = Release|Any CPU
		{161E5AF2-38F1-4B61-B57A-446583451087}.Debug|Any CPU.ActiveCfg = Debug|Any CPU
		{161E5AF2-38F1-4B61-B57A-446583451087}.Debug|Any CPU.Build.0 = Debug|Any CPU
		{161E5AF2-38F1-4B61-B57A-446583451087}.Release|Any CPU.ActiveCfg = Release|Any CPU
		{161E5AF2-38F1-4B61-B57A-446583451087}.Release|Any CPU.Build.0 = Release|Any CPU
	EndGlobalSection
	GlobalSection(SolutionProperties) = preSolution
		HideSolutionNode = FALSE
	EndGlobalSection
	GlobalSection(NestedProjects) = preSolution
		{2CFF5FFA-D902-4625-92D1-31A1B0BB1C83} = {326EF34B-96CC-4E27-90E2-481DC2E8CB44}
		{B14891A6-2766-4CA3-A331-6295B0299509} = {326EF34B-96CC-4E27-90E2-481DC2E8CB44}
		{6021304C-DE37-4299-B6D8-2A9A84861244} = {95CA4443-5DE9-42D0-953D-B31256F4655F}
		{93049FF4-74D3-4E9A-B2BF-02DBF1A9BF94} = {95CA4443-5DE9-42D0-953D-B31256F4655F}
		{3D3DCAEC-CCB6-44C5-BF84-F154DE846A22} = {4B7362A0-E943-48F8-96D4-A3FEAC723A2C}
		{1F12B9CC-BF7D-40DB-A831-98B7FB11B331} = {4B7362A0-E943-48F8-96D4-A3FEAC723A2C}
		{161E5AF2-38F1-4B61-B57A-446583451087} = {4B7362A0-E943-48F8-96D4-A3FEAC723A2C}
	EndGlobalSection
	GlobalSection(ExtensibilityGlobals) = postSolution
		SolutionGuid = {92D6952D-35FB-410F-8F37-0895EFC49F3D}
	EndGlobalSection
EndGlobal
